
Microsoft Visual Studio Solution File, Format Version 12.00
# Visual Studio Version 16
VisualStudioVersion = 16.0.29505.145
MinimumVisualStudioVersion = 10.0.40219.1
Project("{2150E333-8FDC-42A3-9474-1A3956D46DE8}") = "src", "src", "{BC22D709-FB41-4516-98FE-44429F0C128A}"
EndProject
Project("{9A19103F-16F7-4668-BE54-9A1E7A4F7556}") = "Mango.RabbitMQ.Util", "src\Mango.RabbitMQ.Util\Mango.RabbitMQ.Util.csproj", "{B25AC9AA-0FB9-4823-9635-F6B529A57B5A}"
EndProject
Project("{9A19103F-16F7-4668-BE54-9A1E7A4F7556}") = "ConsoleApp", "src\ConsoleApp\ConsoleApp.csproj", "{713A1DA5-A13C-4BD4-896E-6DDEC2316D88}"
EndProject
Project("{9A19103F-16F7-4668-BE54-9A1E7A4F7556}") = "WebApplication", "src\WebApplication\WebApplication.csproj", "{CC71DA4A-A23F-45C9-9911-A21786BE59B9}"
EndProject
Project("{FAE04EC0-301F-11D3-BF4B-00C04F79EFBC}") = "Web.Publish.App", "src\Web.Publish.App\Web.Publish.App.csproj", "{EEAA9499-609D-422D-8017-0883051C898A}"
EndProject
Project("{FAE04EC0-301F-11D3-BF4B-00C04F79EFBC}") = "Web.Subscribe.App", "src\Web.Subscribe.App\Web.Subscribe.App.csproj", "{597F2496-3404-424E-A4CF-CE580FF6B241}"
EndProject
Project("{FAE04EC0-301F-11D3-BF4B-00C04F79EFBC}") = "Mango.RabbitMQ.Core", "src\Mango.RabbitMQ.Core\Mango.RabbitMQ.Core.csproj", "{6A3FFCC9-7A22-4347-BBAE-9F581514611F}"
EndProject
Global
	GlobalSection(SolutionConfigurationPlatforms) = preSolution
		Debug|Any CPU = Debug|Any CPU
		Release|Any CPU = Release|Any CPU
	EndGlobalSection
	GlobalSection(ProjectConfigurationPlatforms) = postSolution
		{B25AC9AA-0FB9-4823-9635-F6B529A57B5A}.Debug|Any CPU.ActiveCfg = Debug|Any CPU
		{B25AC9AA-0FB9-4823-9635-F6B529A57B5A}.Debug|Any CPU.Build.0 = Debug|Any CPU
		{B25AC9AA-0FB9-4823-9635-F6B529A57B5A}.Release|Any CPU.ActiveCfg = Release|Any CPU
		{B25AC9AA-0FB9-4823-9635-F6B529A57B5A}.Release|Any CPU.Build.0 = Release|Any CPU
		{713A1DA5-A13C-4BD4-896E-6DDEC2316D88}.Debug|Any CPU.ActiveCfg = Debug|Any CPU
		{713A1DA5-A13C-4BD4-896E-6DDEC2316D88}.Debug|Any CPU.Build.0 = Debug|Any CPU
		{713A1DA5-A13C-4BD4-896E-6DDEC2316D88}.Release|Any CPU.ActiveCfg = Release|Any CPU
		{713A1DA5-A13C-4BD4-896E-6DDEC2316D88}.Release|Any CPU.Build.0 = Release|Any CPU
		{CC71DA4A-A23F-45C9-9911-A21786BE59B9}.Debug|Any CPU.ActiveCfg = Debug|Any CPU
		{CC71DA4A-A23F-45C9-9911-A21786BE59B9}.Debug|Any CPU.Build.0 = Debug|Any CPU
		{CC71DA4A-A23F-45C9-9911-A21786BE59B9}.Release|Any CPU.ActiveCfg = Release|Any CPU
		{CC71DA4A-A23F-45C9-9911-A21786BE59B9}.Release|Any CPU.Build.0 = Release|Any CPU
		{EEAA9499-609D-422D-8017-0883051C898A}.Debug|Any CPU.ActiveCfg = Debug|Any CPU
		{EEAA9499-609D-422D-8017-0883051C898A}.Debug|Any CPU.Build.0 = Debug|Any CPU
		{EEAA9499-609D-422D-8017-0883051C898A}.Release|Any CPU.ActiveCfg = Release|Any CPU
		{EEAA9499-609D-422D-8017-0883051C898A}.Release|Any CPU.Build.0 = Release|Any CPU
		{597F2496-3404-424E-A4CF-CE580FF6B241}.Debug|Any CPU.ActiveCfg = Debug|Any CPU
		{597F2496-3404-424E-A4CF-CE580FF6B241}.Debug|Any CPU.Build.0 = Debug|Any CPU
		{597F2496-3404-424E-A4CF-CE580FF6B241}.Release|Any CPU.ActiveCfg = Release|Any CPU
		{597F2496-3404-424E-A4CF-CE580FF6B241}.Release|Any CPU.Build.0 = Release|Any CPU
		{6A3FFCC9-7A22-4347-BBAE-9F581514611F}.Debug|Any CPU.ActiveCfg = Debug|Any CPU
		{6A3FFCC9-7A22-4347-BBAE-9F581514611F}.Debug|Any CPU.Build.0 = Debug|Any CPU
		{6A3FFCC9-7A22-4347-BBAE-9F581514611F}.Release|Any CPU.ActiveCfg = Release|Any CPU
		{6A3FFCC9-7A22-4347-BBAE-9F581514611F}.Release|Any CPU.Build.0 = Release|Any CPU
	EndGlobalSection
	GlobalSection(SolutionProperties) = preSolution
		HideSolutionNode = FALSE
	EndGlobalSection
	GlobalSection(NestedProjects) = preSolution
		{B25AC9AA-0FB9-4823-9635-F6B529A57B5A} = {BC22D709-FB41-4516-98FE-44429F0C128A}
		{713A1DA5-A13C-4BD4-896E-6DDEC2316D88} = {BC22D709-FB41-4516-98FE-44429F0C128A}
		{CC71DA4A-A23F-45C9-9911-A21786BE59B9} = {BC22D709-FB41-4516-98FE-44429F0C128A}
		{EEAA9499-609D-422D-8017-0883051C898A} = {BC22D709-FB41-4516-98FE-44429F0C128A}
		{597F2496-3404-424E-A4CF-CE580FF6B241} = {BC22D709-FB41-4516-98FE-44429F0C128A}
		{6A3FFCC9-7A22-4347-BBAE-9F581514611F} = {BC22D709-FB41-4516-98FE-44429F0C128A}
	EndGlobalSection
	GlobalSection(ExtensibilityGlobals) = postSolution
		SolutionGuid = {5BDC0218-9BA8-40BD-9A9E-8D8A35947BEF}
	EndGlobalSection
EndGlobal
